
Microsoft Visual Studio Solution File, Format Version 12.00
# Visual Studio Version 17
VisualStudioVersion = 17.0.31903.59
MinimumVisualStudioVersion = 10.0.40219.1
Project("{FAE04EC0-301F-11D3-BF4B-00C04F79EFBC}") = "katas", "main\katas.csproj", "{2FBEF754-AE1A-4AFB-B6E3-61DBBE4547AC}"
EndProject
Project("{FAE04EC0-301F-11D3-BF4B-00C04F79EFBC}") = "katas-test", "test\katas-test.csproj", "{BA5C0C16-5813-4305-AC32-F42CB5FE6D46}"
EndProject
Global
	GlobalSection(SolutionConfigurationPlatforms) = preSolution
		Debug|Any CPU = Debug|Any CPU
		Release|Any CPU = Release|Any CPU
	EndGlobalSection
	GlobalSection(SolutionProperties) = preSolution
		HideSolutionNode = FALSE
	EndGlobalSection
	GlobalSection(ProjectConfigurationPlatforms) = postSolution
		{2FBEF754-AE1A-4AFB-B6E3-61DBBE4547AC}.Debug|Any CPU.ActiveCfg = Debug|Any CPU
		{2FBEF754-AE1A-4AFB-B6E3-61DBBE4547AC}.Debug|Any CPU.Build.0 = Debug|Any CPU
		{2FBEF754-AE1A-4AFB-B6E3-61DBBE4547AC}.Release|Any CPU.ActiveCfg = Release|Any CPU
		{2FBEF754-AE1A-4AFB-B6E3-61DBBE4547AC}.Release|Any CPU.Build.0 = Release|Any CPU
		{BA5C0C16-5813-4305-AC32-F42CB5FE6D46}.Debug|Any CPU.ActiveCfg = Debug|Any CPU
		{BA5C0C16-5813-4305-AC32-F42CB5FE6D46}.Debug|Any CPU.Build.0 = Debug|Any CPU
		{BA5C0C16-5813-4305-AC32-F42CB5FE6D46}.Release|Any CPU.ActiveCfg = Release|Any CPU
		{BA5C0C16-5813-4305-AC32-F42CB5FE6D46}.Release|Any CPU.Build.0 = Release|Any CPU
	EndGlobalSection
EndGlobal
