
Microsoft Visual Studio Solution File, Format Version 12.00
# Visual Studio Version 17
VisualStudioVersion = 17.0.31903.59
MinimumVisualStudioVersion = 10.0.40219.1
Project("{FAE04EC0-301F-11D3-BF4B-00C04F79EFBC}") = "KOF", "Game\KOF.csproj", "{1DE5A7D9-2A97-41F8-928D-10DED944C58B}"
EndProject
Project("{FAE04EC0-301F-11D3-BF4B-00C04F79EFBC}") = "KOFTest", "GameTest\KOFTest.csproj", "{9B6C5F9A-986A-41CF-9240-67925F9E621A}"
EndProject
Global
	GlobalSection(SolutionConfigurationPlatforms) = preSolution
		Debug|Any CPU = Debug|Any CPU
		Release|Any CPU = Release|Any CPU
	EndGlobalSection
	GlobalSection(SolutionProperties) = preSolution
		HideSolutionNode = FALSE
	EndGlobalSection
	GlobalSection(ProjectConfigurationPlatforms) = postSolution
		{1DE5A7D9-2A97-41F8-928D-10DED944C58B}.Debug|Any CPU.ActiveCfg = Debug|Any CPU
		{1DE5A7D9-2A97-41F8-928D-10DED944C58B}.Debug|Any CPU.Build.0 = Debug|Any CPU
		{1DE5A7D9-2A97-41F8-928D-10DED944C58B}.Release|Any CPU.ActiveCfg = Release|Any CPU
		{1DE5A7D9-2A97-41F8-928D-10DED944C58B}.Release|Any CPU.Build.0 = Release|Any CPU
		{9B6C5F9A-986A-41CF-9240-67925F9E621A}.Debug|Any CPU.ActiveCfg = Debug|Any CPU
		{9B6C5F9A-986A-41CF-9240-67925F9E621A}.Debug|Any CPU.Build.0 = Debug|Any CPU
		{9B6C5F9A-986A-41CF-9240-67925F9E621A}.Release|Any CPU.ActiveCfg = Release|Any CPU
		{9B6C5F9A-986A-41CF-9240-67925F9E621A}.Release|Any CPU.Build.0 = Release|Any CPU
	EndGlobalSection
EndGlobal
